
Microsoft Visual Studio Solution File, Format Version 12.00
# Visual Studio Version 17
VisualStudioVersion = 17.11.35219.272
MinimumVisualStudioVersion = 10.0.40219.1
Project("{FAE04EC0-301F-11D3-BF4B-00C04F79EFBC}") = "lab05", "lab05.csproj", "{764C4100-CEF1-4923-AA14-4DF371D824A0}"
EndProject
Global
	GlobalSection(SolutionConfigurationPlatforms) = preSolution
		Debug|Any CPU = Debug|Any CPU
		Release|Any CPU = Release|Any CPU
	EndGlobalSection
	GlobalSection(ProjectConfigurationPlatforms) = postSolution
		{764C4100-CEF1-4923-AA14-4DF371D824A0}.Debug|Any CPU.ActiveCfg = Debug|Any CPU
		{764C4100-CEF1-4923-AA14-4DF371D824A0}.Debug|Any CPU.Build.0 = Debug|Any CPU
		{764C4100-CEF1-4923-AA14-4DF371D824A0}.Release|Any CPU.ActiveCfg = Release|Any CPU
		{764C4100-CEF1-4923-AA14-4DF371D824A0}.Release|Any CPU.Build.0 = Release|Any CPU
	EndGlobalSection
	GlobalSection(SolutionProperties) = preSolution
		HideSolutionNode = FALSE
	EndGlobalSection
	GlobalSection(ExtensibilityGlobals) = postSolution
		SolutionGuid = {08736210-0CC9-4CBC-84DA-C9C2ABDE2385}
	EndGlobalSection
EndGlobal
